
Microsoft Visual Studio Solution File, Format Version 12.00
# Visual Studio 15
VisualStudioVersion = 15.0.26430.6
MinimumVisualStudioVersion = 10.0.40219.1
Project("{2150E333-8FDC-42A3-9474-1A3956D46DE8}") = "Commons", "Commons", "{FE6677FE-359C-4333-A15D-C66678FA7E04}"
EndProject
Project("{FAE04EC0-301F-11D3-BF4B-00C04F79EFBC}") = "CognitiveServicesSample.Commons", "Commons\CognitiveServicesSample.Commons\CognitiveServicesSample.Commons.csproj", "{C4F7A4E4-FE6E-4CE1-A94E-D908311F9BF5}"
EndProject
Project("{2150E333-8FDC-42A3-9474-1A3956D46DE8}") = "Client", "Client", "{F8C5F8C3-9F37-40C0-ADCF-8E1377CDF0AF}"
EndProject
Project("{FAE04EC0-301F-11D3-BF4B-00C04F79EFBC}") = "CognitiveServicesSample.Client", "Client\CognitiveServicesSample.Client\CognitiveServicesSample.Client\CognitiveServicesSample.Client.csproj", "{7410660F-A383-430C-AF4B-F86EFE7A0B87}"
EndProject
Project("{FAE04EC0-301F-11D3-BF4B-00C04F79EFBC}") = "CognitiveServicesSample.Client.Droid", "Client\CognitiveServicesSample.Client\CognitiveServicesSample.Client.Droid\CognitiveServicesSample.Client.Droid.csproj", "{03061924-2DFF-4057-8D75-0D93D2C20F5E}"
EndProject
Project("{FAE04EC0-301F-11D3-BF4B-00C04F79EFBC}") = "CognitiveServicesSample.Client.iOS", "Client\CognitiveServicesSample.Client\CognitiveServicesSample.Client.iOS\CognitiveServicesSample.Client.iOS.csproj", "{197B6F04-4009-4323-8456-3C6B5126387F}"
EndProject
Project("{FAE04EC0-301F-11D3-BF4B-00C04F79EFBC}") = "CognitiveServicesSample.Client.UWP", "Client\CognitiveServicesSample.Client\CognitiveServicesSample.Client.UWP\CognitiveServicesSample.Client.UWP.csproj", "{8F624F2B-5E9D-4364-91B5-4571B533D5C4}"
EndProject
Project("{2150E333-8FDC-42A3-9474-1A3956D46DE8}") = "Servier", "Servier", "{A30B288A-6C38-482B-90F9-22ACD997B9A7}"
EndProject
Project("{FAE04EC0-301F-11D3-BF4B-00C04F79EFBC}") = "CognitiveServicesSample.Server", "Server\CognitiveServicesSample.Server\CognitiveServicesSample.Server.csproj", "{6698C65E-D762-4F58-A03E-B430054AC281}"
EndProject
Global
	GlobalSection(SolutionConfigurationPlatforms) = preSolution
		Ad-Hoc|Any CPU = Ad-Hoc|Any CPU
		Ad-Hoc|ARM = Ad-Hoc|ARM
		Ad-Hoc|iPhone = Ad-Hoc|iPhone
		Ad-Hoc|iPhoneSimulator = Ad-Hoc|iPhoneSimulator
		Ad-Hoc|x64 = Ad-Hoc|x64
		Ad-Hoc|x86 = Ad-Hoc|x86
		AppStore|Any CPU = AppStore|Any CPU
		AppStore|ARM = AppStore|ARM
		AppStore|iPhone = AppStore|iPhone
		AppStore|iPhoneSimulator = AppStore|iPhoneSimulator
		AppStore|x64 = AppStore|x64
		AppStore|x86 = AppStore|x86
		Debug|Any CPU = Debug|Any CPU
		Debug|ARM = Debug|ARM
		Debug|iPhone = Debug|iPhone
		Debug|iPhoneSimulator = Debug|iPhoneSimulator
		Debug|x64 = Debug|x64
		Debug|x86 = Debug|x86
		Release|Any CPU = Release|Any CPU
		Release|ARM = Release|ARM
		Release|iPhone = Release|iPhone
		Release|iPhoneSimulator = Release|iPhoneSimulator
		Release|x64 = Release|x64
		Release|x86 = Release|x86
	EndGlobalSection
	GlobalSection(ProjectConfigurationPlatforms) = postSolution
		{C4F7A4E4-FE6E-4CE1-A94E-D908311F9BF5}.Ad-Hoc|Any CPU.ActiveCfg = Debug|Any CPU
		{C4F7A4E4-FE6E-4CE1-A94E-D908311F9BF5}.Ad-Hoc|Any CPU.Build.0 = Debug|Any CPU
		{C4F7A4E4-FE6E-4CE1-A94E-D908311F9BF5}.Ad-Hoc|ARM.ActiveCfg = Debug|Any CPU
		{C4F7A4E4-FE6E-4CE1-A94E-D908311F9BF5}.Ad-Hoc|ARM.Build.0 = Debug|Any CPU
		{C4F7A4E4-FE6E-4CE1-A94E-D908311F9BF5}.Ad-Hoc|iPhone.ActiveCfg = Debug|Any CPU
		{C4F7A4E4-FE6E-4CE1-A94E-D908311F9BF5}.Ad-Hoc|iPhone.Build.0 = Debug|Any CPU
		{C4F7A4E4-FE6E-4CE1-A94E-D908311F9BF5}.Ad-Hoc|iPhoneSimulator.ActiveCfg = Debug|Any CPU
		{C4F7A4E4-FE6E-4CE1-A94E-D908311F9BF5}.Ad-Hoc|iPhoneSimulator.Build.0 = Debug|Any CPU
		{C4F7A4E4-FE6E-4CE1-A94E-D908311F9BF5}.Ad-Hoc|x64.ActiveCfg = Debug|Any CPU
		{C4F7A4E4-FE6E-4CE1-A94E-D908311F9BF5}.Ad-Hoc|x64.Build.0 = Debug|Any CPU
		{C4F7A4E4-FE6E-4CE1-A94E-D908311F9BF5}.Ad-Hoc|x86.ActiveCfg = Debug|Any CPU
		{C4F7A4E4-FE6E-4CE1-A94E-D908311F9BF5}.Ad-Hoc|x86.Build.0 = Debug|Any CPU
		{C4F7A4E4-FE6E-4CE1-A94E-D908311F9BF5}.AppStore|Any CPU.ActiveCfg = Debug|Any CPU
		{C4F7A4E4-FE6E-4CE1-A94E-D908311F9BF5}.AppStore|Any CPU.Build.0 = Debug|Any CPU
		{C4F7A4E4-FE6E-4CE1-A94E-D908311F9BF5}.AppStore|ARM.ActiveCfg = Debug|Any CPU
		{C4F7A4E4-FE6E-4CE1-A94E-D908311F9BF5}.AppStore|ARM.Build.0 = Debug|Any CPU
		{C4F7A4E4-FE6E-4CE1-A94E-D908311F9BF5}.AppStore|iPhone.ActiveCfg = Debug|Any CPU
		{C4F7A4E4-FE6E-4CE1-A94E-D908311F9BF5}.AppStore|iPhone.Build.0 = Debug|Any CPU
		{C4F7A4E4-FE6E-4CE1-A94E-D908311F9BF5}.AppStore|iPhoneSimulator.ActiveCfg = Debug|Any CPU
		{C4F7A4E4-FE6E-4CE1-A94E-D908311F9BF5}.AppStore|iPhoneSimulator.Build.0 = Debug|Any CPU
		{C4F7A4E4-FE6E-4CE1-A94E-D908311F9BF5}.AppStore|x64.ActiveCfg = Debug|Any CPU
		{C4F7A4E4-FE6E-4CE1-A94E-D908311F9BF5}.AppStore|x64.Build.0 = Debug|Any CPU
		{C4F7A4E4-FE6E-4CE1-A94E-D908311F9BF5}.AppStore|x86.ActiveCfg = Debug|Any CPU
		{C4F7A4E4-FE6E-4CE1-A94E-D908311F9BF5}.AppStore|x86.Build.0 = Debug|Any CPU
		{C4F7A4E4-FE6E-4CE1-A94E-D908311F9BF5}.Debug|Any CPU.ActiveCfg = Debug|Any CPU
		{C4F7A4E4-FE6E-4CE1-A94E-D908311F9BF5}.Debug|Any CPU.Build.0 = Debug|Any CPU
		{C4F7A4E4-FE6E-4CE1-A94E-D908311F9BF5}.Debug|ARM.ActiveCfg = Debug|Any CPU
		{C4F7A4E4-FE6E-4CE1-A94E-D908311F9BF5}.Debug|ARM.Build.0 = Debug|Any CPU
		{C4F7A4E4-FE6E-4CE1-A94E-D908311F9BF5}.Debug|iPhone.ActiveCfg = Debug|Any CPU
		{C4F7A4E4-FE6E-4CE1-A94E-D908311F9BF5}.Debug|iPhone.Build.0 = Debug|Any CPU
		{C4F7A4E4-FE6E-4CE1-A94E-D908311F9BF5}.Debug|iPhoneSimulator.ActiveCfg = Debug|Any CPU
		{C4F7A4E4-FE6E-4CE1-A94E-D908311F9BF5}.Debug|iPhoneSimulator.Build.0 = Debug|Any CPU
		{C4F7A4E4-FE6E-4CE1-A94E-D908311F9BF5}.Debug|x64.ActiveCfg = Debug|Any CPU
		{C4F7A4E4-FE6E-4CE1-A94E-D908311F9BF5}.Debug|x64.Build.0 = Debug|Any CPU
		{C4F7A4E4-FE6E-4CE1-A94E-D908311F9BF5}.Debug|x86.ActiveCfg = Debug|Any CPU
		{C4F7A4E4-FE6E-4CE1-A94E-D908311F9BF5}.Debug|x86.Build.0 = Debug|Any CPU
		{C4F7A4E4-FE6E-4CE1-A94E-D908311F9BF5}.Release|Any CPU.ActiveCfg = Release|Any CPU
		{C4F7A4E4-FE6E-4CE1-A94E-D908311F9BF5}.Release|Any CPU.Build.0 = Release|Any CPU
		{C4F7A4E4-FE6E-4CE1-A94E-D908311F9BF5}.Release|ARM.ActiveCfg = Release|Any CPU
		{C4F7A4E4-FE6E-4CE1-A94E-D908311F9BF5}.Release|ARM.Build.0 = Release|Any CPU
		{C4F7A4E4-FE6E-4CE1-A94E-D908311F9BF5}.Release|iPhone.ActiveCfg = Release|Any CPU
		{C4F7A4E4-FE6E-4CE1-A94E-D908311F9BF5}.Release|iPhone.Build.0 = Release|Any CPU
		{C4F7A4E4-FE6E-4CE1-A94E-D908311F9BF5}.Release|iPhoneSimulator.ActiveCfg = Release|Any CPU
		{C4F7A4E4-FE6E-4CE1-A94E-D908311F9BF5}.Release|iPhoneSimulator.Build.0 = Release|Any CPU
		{C4F7A4E4-FE6E-4CE1-A94E-D908311F9BF5}.Release|x64.ActiveCfg = Release|Any CPU
		{C4F7A4E4-FE6E-4CE1-A94E-D908311F9BF5}.Release|x64.Build.0 = Release|Any CPU
		{C4F7A4E4-FE6E-4CE1-A94E-D908311F9BF5}.Release|x86.ActiveCfg = Release|Any CPU
		{C4F7A4E4-FE6E-4CE1-A94E-D908311F9BF5}.Release|x86.Build.0 = Release|Any CPU
		{7410660F-A383-430C-AF4B-F86EFE7A0B87}.Ad-Hoc|Any CPU.ActiveCfg = Release|Any CPU
		{7410660F-A383-430C-AF4B-F86EFE7A0B87}.Ad-Hoc|Any CPU.Build.0 = Release|Any CPU
		{7410660F-A383-430C-AF4B-F86EFE7A0B87}.Ad-Hoc|ARM.ActiveCfg = Release|Any CPU
		{7410660F-A383-430C-AF4B-F86EFE7A0B87}.Ad-Hoc|ARM.Build.0 = Release|Any CPU
		{7410660F-A383-430C-AF4B-F86EFE7A0B87}.Ad-Hoc|iPhone.ActiveCfg = Release|Any CPU
		{7410660F-A383-430C-AF4B-F86EFE7A0B87}.Ad-Hoc|iPhone.Build.0 = Release|Any CPU
		{7410660F-A383-430C-AF4B-F86EFE7A0B87}.Ad-Hoc|iPhoneSimulator.ActiveCfg = Release|Any CPU
		{7410660F-A383-430C-AF4B-F86EFE7A0B87}.Ad-Hoc|iPhoneSimulator.Build.0 = Release|Any CPU
		{7410660F-A383-430C-AF4B-F86EFE7A0B87}.Ad-Hoc|x64.ActiveCfg = Release|Any CPU
		{7410660F-A383-430C-AF4B-F86EFE7A0B87}.Ad-Hoc|x64.Build.0 = Release|Any CPU
		{7410660F-A383-430C-AF4B-F86EFE7A0B87}.Ad-Hoc|x86.ActiveCfg = Release|Any CPU
		{7410660F-A383-430C-AF4B-F86EFE7A0B87}.Ad-Hoc|x86.Build.0 = Release|Any CPU
		{7410660F-A383-430C-AF4B-F86EFE7A0B87}.AppStore|Any CPU.ActiveCfg = Release|Any CPU
		{7410660F-A383-430C-AF4B-F86EFE7A0B87}.AppStore|Any CPU.Build.0 = Release|Any CPU
		{7410660F-A383-430C-AF4B-F86EFE7A0B87}.AppStore|ARM.ActiveCfg = Release|Any CPU
		{7410660F-A383-430C-AF4B-F86EFE7A0B87}.AppStore|ARM.Build.0 = Release|Any CPU
		{7410660F-A383-430C-AF4B-F86EFE7A0B87}.AppStore|iPhone.ActiveCfg = Release|Any CPU
		{7410660F-A383-430C-AF4B-F86EFE7A0B87}.AppStore|iPhone.Build.0 = Release|Any CPU
		{7410660F-A383-430C-AF4B-F86EFE7A0B87}.AppStore|iPhoneSimulator.ActiveCfg = Release|Any CPU
		{7410660F-A383-430C-AF4B-F86EFE7A0B87}.AppStore|iPhoneSimulator.Build.0 = Release|Any CPU
		{7410660F-A383-430C-AF4B-F86EFE7A0B87}.AppStore|x64.ActiveCfg = Release|Any CPU
		{7410660F-A383-430C-AF4B-F86EFE7A0B87}.AppStore|x64.Build.0 = Release|Any CPU
		{7410660F-A383-430C-AF4B-F86EFE7A0B87}.AppStore|x86.ActiveCfg = Release|Any CPU
		{7410660F-A383-430C-AF4B-F86EFE7A0B87}.AppStore|x86.Build.0 = Release|Any CPU
		{7410660F-A383-430C-AF4B-F86EFE7A0B87}.Debug|Any CPU.ActiveCfg = Debug|Any CPU
		{7410660F-A383-430C-AF4B-F86EFE7A0B87}.Debug|Any CPU.Build.0 = Debug|Any CPU
		{7410660F-A383-430C-AF4B-F86EFE7A0B87}.Debug|ARM.ActiveCfg = Debug|Any CPU
		{7410660F-A383-430C-AF4B-F86EFE7A0B87}.Debug|ARM.Build.0 = Debug|Any CPU
		{7410660F-A383-430C-AF4B-F86EFE7A0B87}.Debug|iPhone.ActiveCfg = Debug|Any CPU
		{7410660F-A383-430C-AF4B-F86EFE7A0B87}.Debug|iPhone.Build.0 = Debug|Any CPU
		{7410660F-A383-430C-AF4B-F86EFE7A0B87}.Debug|iPhoneSimulator.ActiveCfg = Debug|Any CPU
		{7410660F-A383-430C-AF4B-F86EFE7A0B87}.Debug|iPhoneSimulator.Build.0 = Debug|Any CPU
		{7410660F-A383-430C-AF4B-F86EFE7A0B87}.Debug|x64.ActiveCfg = Debug|Any CPU
		{7410660F-A383-430C-AF4B-F86EFE7A0B87}.Debug|x64.Build.0 = Debug|Any CPU
		{7410660F-A383-430C-AF4B-F86EFE7A0B87}.Debug|x86.ActiveCfg = Debug|Any CPU
		{7410660F-A383-430C-AF4B-F86EFE7A0B87}.Debug|x86.Build.0 = Debug|Any CPU
		{7410660F-A383-430C-AF4B-F86EFE7A0B87}.Release|Any CPU.ActiveCfg = Release|Any CPU
		{7410660F-A383-430C-AF4B-F86EFE7A0B87}.Release|Any CPU.Build.0 = Release|Any CPU
		{7410660F-A383-430C-AF4B-F86EFE7A0B87}.Release|ARM.ActiveCfg = Release|Any CPU
		{7410660F-A383-430C-AF4B-F86EFE7A0B87}.Release|ARM.Build.0 = Release|Any CPU
		{7410660F-A383-430C-AF4B-F86EFE7A0B87}.Release|iPhone.ActiveCfg = Release|Any CPU
		{7410660F-A383-430C-AF4B-F86EFE7A0B87}.Release|iPhone.Build.0 = Release|Any CPU
		{7410660F-A383-430C-AF4B-F86EFE7A0B87}.Release|iPhoneSimulator.ActiveCfg = Release|Any CPU
		{7410660F-A383-430C-AF4B-F86EFE7A0B87}.Release|iPhoneSimulator.Build.0 = Release|Any CPU
		{7410660F-A383-430C-AF4B-F86EFE7A0B87}.Release|x64.ActiveCfg = Release|Any CPU
		{7410660F-A383-430C-AF4B-F86EFE7A0B87}.Release|x64.Build.0 = Release|Any CPU
		{7410660F-A383-430C-AF4B-F86EFE7A0B87}.Release|x86.ActiveCfg = Release|Any CPU
		{7410660F-A383-430C-AF4B-F86EFE7A0B87}.Release|x86.Build.0 = Release|Any CPU
		{03061924-2DFF-4057-8D75-0D93D2C20F5E}.Ad-Hoc|Any CPU.ActiveCfg = Release|Any CPU
		{03061924-2DFF-4057-8D75-0D93D2C20F5E}.Ad-Hoc|Any CPU.Build.0 = Release|Any CPU
		{03061924-2DFF-4057-8D75-0D93D2C20F5E}.Ad-Hoc|Any CPU.Deploy.0 = Release|Any CPU
		{03061924-2DFF-4057-8D75-0D93D2C20F5E}.Ad-Hoc|ARM.ActiveCfg = Release|Any CPU
		{03061924-2DFF-4057-8D75-0D93D2C20F5E}.Ad-Hoc|ARM.Build.0 = Release|Any CPU
		{03061924-2DFF-4057-8D75-0D93D2C20F5E}.Ad-Hoc|ARM.Deploy.0 = Release|Any CPU
		{03061924-2DFF-4057-8D75-0D93D2C20F5E}.Ad-Hoc|iPhone.ActiveCfg = Release|Any CPU
		{03061924-2DFF-4057-8D75-0D93D2C20F5E}.Ad-Hoc|iPhone.Build.0 = Release|Any CPU
		{03061924-2DFF-4057-8D75-0D93D2C20F5E}.Ad-Hoc|iPhone.Deploy.0 = Release|Any CPU
		{03061924-2DFF-4057-8D75-0D93D2C20F5E}.Ad-Hoc|iPhoneSimulator.ActiveCfg = Release|Any CPU
		{03061924-2DFF-4057-8D75-0D93D2C20F5E}.Ad-Hoc|iPhoneSimulator.Build.0 = Release|Any CPU
		{03061924-2DFF-4057-8D75-0D93D2C20F5E}.Ad-Hoc|iPhoneSimulator.Deploy.0 = Release|Any CPU
		{03061924-2DFF-4057-8D75-0D93D2C20F5E}.Ad-Hoc|x64.ActiveCfg = Release|Any CPU
		{03061924-2DFF-4057-8D75-0D93D2C20F5E}.Ad-Hoc|x64.Build.0 = Release|Any CPU
		{03061924-2DFF-4057-8D75-0D93D2C20F5E}.Ad-Hoc|x64.Deploy.0 = Release|Any CPU
		{03061924-2DFF-4057-8D75-0D93D2C20F5E}.Ad-Hoc|x86.ActiveCfg = Release|Any CPU
		{03061924-2DFF-4057-8D75-0D93D2C20F5E}.Ad-Hoc|x86.Build.0 = Release|Any CPU
		{03061924-2DFF-4057-8D75-0D93D2C20F5E}.Ad-Hoc|x86.Deploy.0 = Release|Any CPU
		{03061924-2DFF-4057-8D75-0D93D2C20F5E}.AppStore|Any CPU.ActiveCfg = Release|Any CPU
		{03061924-2DFF-4057-8D75-0D93D2C20F5E}.AppStore|Any CPU.Build.0 = Release|Any CPU
		{03061924-2DFF-4057-8D75-0D93D2C20F5E}.AppStore|Any CPU.Deploy.0 = Release|Any CPU
		{03061924-2DFF-4057-8D75-0D93D2C20F5E}.AppStore|ARM.ActiveCfg = Release|Any CPU
		{03061924-2DFF-4057-8D75-0D93D2C20F5E}.AppStore|ARM.Build.0 = Release|Any CPU
		{03061924-2DFF-4057-8D75-0D93D2C20F5E}.AppStore|ARM.Deploy.0 = Release|Any CPU
		{03061924-2DFF-4057-8D75-0D93D2C20F5E}.AppStore|iPhone.ActiveCfg = Release|Any CPU
		{03061924-2DFF-4057-8D75-0D93D2C20F5E}.AppStore|iPhone.Build.0 = Release|Any CPU
		{03061924-2DFF-4057-8D75-0D93D2C20F5E}.AppStore|iPhone.Deploy.0 = Release|Any CPU
		{03061924-2DFF-4057-8D75-0D93D2C20F5E}.AppStore|iPhoneSimulator.ActiveCfg = Release|Any CPU
		{03061924-2DFF-4057-8D75-0D93D2C20F5E}.AppStore|iPhoneSimulator.Build.0 = Release|Any CPU
		{03061924-2DFF-4057-8D75-0D93D2C20F5E}.AppStore|iPhoneSimulator.Deploy.0 = Release|Any CPU
		{03061924-2DFF-4057-8D75-0D93D2C20F5E}.AppStore|x64.ActiveCfg = Release|Any CPU
		{03061924-2DFF-4057-8D75-0D93D2C20F5E}.AppStore|x64.Build.0 = Release|Any CPU
		{03061924-2DFF-4057-8D75-0D93D2C20F5E}.AppStore|x64.Deploy.0 = Release|Any CPU
		{03061924-2DFF-4057-8D75-0D93D2C20F5E}.AppStore|x86.ActiveCfg = Release|Any CPU
		{03061924-2DFF-4057-8D75-0D93D2C20F5E}.AppStore|x86.Build.0 = Release|Any CPU
		{03061924-2DFF-4057-8D75-0D93D2C20F5E}.AppStore|x86.Deploy.0 = Release|Any CPU
		{03061924-2DFF-4057-8D75-0D93D2C20F5E}.Debug|Any CPU.ActiveCfg = Debug|Any CPU
		{03061924-2DFF-4057-8D75-0D93D2C20F5E}.Debug|Any CPU.Build.0 = Debug|Any CPU
		{03061924-2DFF-4057-8D75-0D93D2C20F5E}.Debug|Any CPU.Deploy.0 = Debug|Any CPU
		{03061924-2DFF-4057-8D75-0D93D2C20F5E}.Debug|ARM.ActiveCfg = Debug|Any CPU
		{03061924-2DFF-4057-8D75-0D93D2C20F5E}.Debug|ARM.Build.0 = Debug|Any CPU
		{03061924-2DFF-4057-8D75-0D93D2C20F5E}.Debug|ARM.Deploy.0 = Debug|Any CPU
		{03061924-2DFF-4057-8D75-0D93D2C20F5E}.Debug|iPhone.ActiveCfg = Debug|Any CPU
		{03061924-2DFF-4057-8D75-0D93D2C20F5E}.Debug|iPhone.Build.0 = Debug|Any CPU
		{03061924-2DFF-4057-8D75-0D93D2C20F5E}.Debug|iPhone.Deploy.0 = Debug|Any CPU
		{03061924-2DFF-4057-8D75-0D93D2C20F5E}.Debug|iPhoneSimulator.ActiveCfg = Debug|Any CPU
		{03061924-2DFF-4057-8D75-0D93D2C20F5E}.Debug|iPhoneSimulator.Build.0 = Debug|Any CPU
		{03061924-2DFF-4057-8D75-0D93D2C20F5E}.Debug|iPhoneSimulator.Deploy.0 = Debug|Any CPU
		{03061924-2DFF-4057-8D75-0D93D2C20F5E}.Debug|x64.ActiveCfg = Debug|Any CPU
		{03061924-2DFF-4057-8D75-0D93D2C20F5E}.Debug|x64.Build.0 = Debug|Any CPU
		{03061924-2DFF-4057-8D75-0D93D2C20F5E}.Debug|x64.Deploy.0 = Debug|Any CPU
		{03061924-2DFF-4057-8D75-0D93D2C20F5E}.Debug|x86.ActiveCfg = Debug|Any CPU
		{03061924-2DFF-4057-8D75-0D93D2C20F5E}.Debug|x86.Build.0 = Debug|Any CPU
		{03061924-2DFF-4057-8D75-0D93D2C20F5E}.Debug|x86.Deploy.0 = Debug|Any CPU
		{03061924-2DFF-4057-8D75-0D93D2C20F5E}.Release|Any CPU.ActiveCfg = Release|Any CPU
		{03061924-2DFF-4057-8D75-0D93D2C20F5E}.Release|Any CPU.Build.0 = Release|Any CPU
		{03061924-2DFF-4057-8D75-0D93D2C20F5E}.Release|Any CPU.Deploy.0 = Release|Any CPU
		{03061924-2DFF-4057-8D75-0D93D2C20F5E}.Release|ARM.ActiveCfg = Release|Any CPU
		{03061924-2DFF-4057-8D75-0D93D2C20F5E}.Release|ARM.Build.0 = Release|Any CPU
		{03061924-2DFF-4057-8D75-0D93D2C20F5E}.Release|ARM.Deploy.0 = Release|Any CPU
		{03061924-2DFF-4057-8D75-0D93D2C20F5E}.Release|iPhone.ActiveCfg = Release|Any CPU
		{03061924-2DFF-4057-8D75-0D93D2C20F5E}.Release|iPhone.Build.0 = Release|Any CPU
		{03061924-2DFF-4057-8D75-0D93D2C20F5E}.Release|iPhone.Deploy.0 = Release|Any CPU
		{03061924-2DFF-4057-8D75-0D93D2C20F5E}.Release|iPhoneSimulator.ActiveCfg = Release|Any CPU
		{03061924-2DFF-4057-8D75-0D93D2C20F5E}.Release|iPhoneSimulator.Build.0 = Release|Any CPU
		{03061924-2DFF-4057-8D75-0D93D2C20F5E}.Release|iPhoneSimulator.Deploy.0 = Release|Any CPU
		{03061924-2DFF-4057-8D75-0D93D2C20F5E}.Release|x64.ActiveCfg = Release|Any CPU
		{03061924-2DFF-4057-8D75-0D93D2C20F5E}.Release|x64.Build.0 = Release|Any CPU
		{03061924-2DFF-4057-8D75-0D93D2C20F5E}.Release|x64.Deploy.0 = Release|Any CPU
		{03061924-2DFF-4057-8D75-0D93D2C20F5E}.Release|x86.ActiveCfg = Release|Any CPU
		{03061924-2DFF-4057-8D75-0D93D2C20F5E}.Release|x86.Build.0 = Release|Any CPU
		{03061924-2DFF-4057-8D75-0D93D2C20F5E}.Release|x86.Deploy.0 = Release|Any CPU
		{197B6F04-4009-4323-8456-3C6B5126387F}.Ad-Hoc|Any CPU.ActiveCfg = Ad-Hoc|iPhone
		{197B6F04-4009-4323-8456-3C6B5126387F}.Ad-Hoc|ARM.ActiveCfg = Ad-Hoc|iPhone
		{197B6F04-4009-4323-8456-3C6B5126387F}.Ad-Hoc|iPhone.ActiveCfg = Ad-Hoc|iPhone
		{197B6F04-4009-4323-8456-3C6B5126387F}.Ad-Hoc|iPhone.Build.0 = Ad-Hoc|iPhone
		{197B6F04-4009-4323-8456-3C6B5126387F}.Ad-Hoc|iPhoneSimulator.ActiveCfg = Ad-Hoc|iPhoneSimulator
		{197B6F04-4009-4323-8456-3C6B5126387F}.Ad-Hoc|iPhoneSimulator.Build.0 = Ad-Hoc|iPhoneSimulator
		{197B6F04-4009-4323-8456-3C6B5126387F}.Ad-Hoc|x64.ActiveCfg = Ad-Hoc|iPhone
		{197B6F04-4009-4323-8456-3C6B5126387F}.Ad-Hoc|x86.ActiveCfg = Ad-Hoc|iPhone
		{197B6F04-4009-4323-8456-3C6B5126387F}.AppStore|Any CPU.ActiveCfg = AppStore|iPhone
		{197B6F04-4009-4323-8456-3C6B5126387F}.AppStore|ARM.ActiveCfg = AppStore|iPhone
		{197B6F04-4009-4323-8456-3C6B5126387F}.AppStore|iPhone.ActiveCfg = AppStore|iPhone
		{197B6F04-4009-4323-8456-3C6B5126387F}.AppStore|iPhone.Build.0 = AppStore|iPhone
		{197B6F04-4009-4323-8456-3C6B5126387F}.AppStore|iPhoneSimulator.ActiveCfg = AppStore|iPhoneSimulator
		{197B6F04-4009-4323-8456-3C6B5126387F}.AppStore|iPhoneSimulator.Build.0 = AppStore|iPhoneSimulator
		{197B6F04-4009-4323-8456-3C6B5126387F}.AppStore|x64.ActiveCfg = AppStore|iPhone
		{197B6F04-4009-4323-8456-3C6B5126387F}.AppStore|x86.ActiveCfg = AppStore|iPhone
		{197B6F04-4009-4323-8456-3C6B5126387F}.Debug|Any CPU.ActiveCfg = Debug|iPhone
		{197B6F04-4009-4323-8456-3C6B5126387F}.Debug|ARM.ActiveCfg = Debug|iPhone
		{197B6F04-4009-4323-8456-3C6B5126387F}.Debug|iPhone.ActiveCfg = Debug|iPhone
		{197B6F04-4009-4323-8456-3C6B5126387F}.Debug|iPhone.Build.0 = Debug|iPhone
		{197B6F04-4009-4323-8456-3C6B5126387F}.Debug|iPhoneSimulator.ActiveCfg = Debug|iPhoneSimulator
		{197B6F04-4009-4323-8456-3C6B5126387F}.Debug|iPhoneSimulator.Build.0 = Debug|iPhoneSimulator
		{197B6F04-4009-4323-8456-3C6B5126387F}.Debug|x64.ActiveCfg = Debug|iPhone
		{197B6F04-4009-4323-8456-3C6B5126387F}.Debug|x86.ActiveCfg = Debug|iPhone
		{197B6F04-4009-4323-8456-3C6B5126387F}.Release|Any CPU.ActiveCfg = Release|iPhone
		{197B6F04-4009-4323-8456-3C6B5126387F}.Release|ARM.ActiveCfg = Release|iPhone
		{197B6F04-4009-4323-8456-3C6B5126387F}.Release|iPhone.ActiveCfg = Release|iPhone
		{197B6F04-4009-4323-8456-3C6B5126387F}.Release|iPhone.Build.0 = Release|iPhone
		{197B6F04-4009-4323-8456-3C6B5126387F}.Release|iPhoneSimulator.ActiveCfg = Release|iPhoneSimulator
		{197B6F04-4009-4323-8456-3C6B5126387F}.Release|iPhoneSimulator.Build.0 = Release|iPhoneSimulator
		{197B6F04-4009-4323-8456-3C6B5126387F}.Release|x64.ActiveCfg = Release|iPhone
		{197B6F04-4009-4323-8456-3C6B5126387F}.Release|x86.ActiveCfg = Release|iPhone
		{8F624F2B-5E9D-4364-91B5-4571B533D5C4}.Ad-Hoc|Any CPU.ActiveCfg = Release|x86
		{8F624F2B-5E9D-4364-91B5-4571B533D5C4}.Ad-Hoc|Any CPU.Build.0 = Release|x86
		{8F624F2B-5E9D-4364-91B5-4571B533D5C4}.Ad-Hoc|Any CPU.Deploy.0 = Release|x86
		{8F624F2B-5E9D-4364-91B5-4571B533D5C4}.Ad-Hoc|ARM.ActiveCfg = Release|ARM
		{8F624F2B-5E9D-4364-91B5-4571B533D5C4}.Ad-Hoc|ARM.Build.0 = Release|ARM
		{8F624F2B-5E9D-4364-91B5-4571B533D5C4}.Ad-Hoc|ARM.Deploy.0 = Release|ARM
		{8F624F2B-5E9D-4364-91B5-4571B533D5C4}.Ad-Hoc|iPhone.ActiveCfg = Release|x86
		{8F624F2B-5E9D-4364-91B5-4571B533D5C4}.Ad-Hoc|iPhone.Build.0 = Release|x86
		{8F624F2B-5E9D-4364-91B5-4571B533D5C4}.Ad-Hoc|iPhone.Deploy.0 = Release|x86
		{8F624F2B-5E9D-4364-91B5-4571B533D5C4}.Ad-Hoc|iPhoneSimulator.ActiveCfg = Release|x86
		{8F624F2B-5E9D-4364-91B5-4571B533D5C4}.Ad-Hoc|iPhoneSimulator.Build.0 = Release|x86
		{8F624F2B-5E9D-4364-91B5-4571B533D5C4}.Ad-Hoc|iPhoneSimulator.Deploy.0 = Release|x86
		{8F624F2B-5E9D-4364-91B5-4571B533D5C4}.Ad-Hoc|x64.ActiveCfg = Release|x64
		{8F624F2B-5E9D-4364-91B5-4571B533D5C4}.Ad-Hoc|x64.Build.0 = Release|x64
		{8F624F2B-5E9D-4364-91B5-4571B533D5C4}.Ad-Hoc|x64.Deploy.0 = Release|x64
		{8F624F2B-5E9D-4364-91B5-4571B533D5C4}.Ad-Hoc|x86.ActiveCfg = Release|x86
		{8F624F2B-5E9D-4364-91B5-4571B533D5C4}.Ad-Hoc|x86.Build.0 = Release|x86
		{8F624F2B-5E9D-4364-91B5-4571B533D5C4}.Ad-Hoc|x86.Deploy.0 = Release|x86
		{8F624F2B-5E9D-4364-91B5-4571B533D5C4}.AppStore|Any CPU.ActiveCfg = Release|x86
		{8F624F2B-5E9D-4364-91B5-4571B533D5C4}.AppStore|Any CPU.Build.0 = Release|x86
		{8F624F2B-5E9D-4364-91B5-4571B533D5C4}.AppStore|Any CPU.Deploy.0 = Release|x86
		{8F624F2B-5E9D-4364-91B5-4571B533D5C4}.AppStore|ARM.ActiveCfg = Release|ARM
		{8F624F2B-5E9D-4364-91B5-4571B533D5C4}.AppStore|ARM.Build.0 = Release|ARM
		{8F624F2B-5E9D-4364-91B5-4571B533D5C4}.AppStore|ARM.Deploy.0 = Release|ARM
		{8F624F2B-5E9D-4364-91B5-4571B533D5C4}.AppStore|iPhone.ActiveCfg = Release|x86
		{8F624F2B-5E9D-4364-91B5-4571B533D5C4}.AppStore|iPhone.Build.0 = Release|x86
		{8F624F2B-5E9D-4364-91B5-4571B533D5C4}.AppStore|iPhone.Deploy.0 = Release|x86
		{8F624F2B-5E9D-4364-91B5-4571B533D5C4}.AppStore|iPhoneSimulator.ActiveCfg = Release|x86
		{8F624F2B-5E9D-4364-91B5-4571B533D5C4}.AppStore|iPhoneSimulator.Build.0 = Release|x86
		{8F624F2B-5E9D-4364-91B5-4571B533D5C4}.AppStore|iPhoneSimulator.Deploy.0 = Release|x86
		{8F624F2B-5E9D-4364-91B5-4571B533D5C4}.AppStore|x64.ActiveCfg = Release|x64
		{8F624F2B-5E9D-4364-91B5-4571B533D5C4}.AppStore|x64.Build.0 = Release|x64
		{8F624F2B-5E9D-4364-91B5-4571B533D5C4}.AppStore|x64.Deploy.0 = Release|x64
		{8F624F2B-5E9D-4364-91B5-4571B533D5C4}.AppStore|x86.ActiveCfg = Release|x86
		{8F624F2B-5E9D-4364-91B5-4571B533D5C4}.AppStore|x86.Build.0 = Release|x86
		{8F624F2B-5E9D-4364-91B5-4571B533D5C4}.AppStore|x86.Deploy.0 = Release|x86
		{8F624F2B-5E9D-4364-91B5-4571B533D5C4}.Debug|Any CPU.ActiveCfg = Debug|x86
		{8F624F2B-5E9D-4364-91B5-4571B533D5C4}.Debug|ARM.ActiveCfg = Debug|ARM
		{8F624F2B-5E9D-4364-91B5-4571B533D5C4}.Debug|ARM.Build.0 = Debug|ARM
		{8F624F2B-5E9D-4364-91B5-4571B533D5C4}.Debug|ARM.Deploy.0 = Debug|ARM
		{8F624F2B-5E9D-4364-91B5-4571B533D5C4}.Debug|iPhone.ActiveCfg = Debug|x86
		{8F624F2B-5E9D-4364-91B5-4571B533D5C4}.Debug|iPhoneSimulator.ActiveCfg = Debug|x86
		{8F624F2B-5E9D-4364-91B5-4571B533D5C4}.Debug|x64.ActiveCfg = Debug|x64
		{8F624F2B-5E9D-4364-91B5-4571B533D5C4}.Debug|x64.Build.0 = Debug|x64
		{8F624F2B-5E9D-4364-91B5-4571B533D5C4}.Debug|x64.Deploy.0 = Debug|x64
		{8F624F2B-5E9D-4364-91B5-4571B533D5C4}.Debug|x86.ActiveCfg = Debug|x86
		{8F624F2B-5E9D-4364-91B5-4571B533D5C4}.Debug|x86.Build.0 = Debug|x86
		{8F624F2B-5E9D-4364-91B5-4571B533D5C4}.Debug|x86.Deploy.0 = Debug|x86
		{8F624F2B-5E9D-4364-91B5-4571B533D5C4}.Release|Any CPU.ActiveCfg = Release|x86
		{8F624F2B-5E9D-4364-91B5-4571B533D5C4}.Release|ARM.ActiveCfg = Release|ARM
		{8F624F2B-5E9D-4364-91B5-4571B533D5C4}.Release|ARM.Build.0 = Release|ARM
		{8F624F2B-5E9D-4364-91B5-4571B533D5C4}.Release|ARM.Deploy.0 = Release|ARM
		{8F624F2B-5E9D-4364-91B5-4571B533D5C4}.Release|iPhone.ActiveCfg = Release|x86
		{8F624F2B-5E9D-4364-91B5-4571B533D5C4}.Release|iPhoneSimulator.ActiveCfg = Release|x86
		{8F624F2B-5E9D-4364-91B5-4571B533D5C4}.Release|x64.ActiveCfg = Release|x64
		{8F624F2B-5E9D-4364-91B5-4571B533D5C4}.Release|x64.Build.0 = Release|x64
		{8F624F2B-5E9D-4364-91B5-4571B533D5C4}.Release|x64.Deploy.0 = Release|x64
		{8F624F2B-5E9D-4364-91B5-4571B533D5C4}.Release|x86.ActiveCfg = Release|x86
		{8F624F2B-5E9D-4364-91B5-4571B533D5C4}.Release|x86.Build.0 = Release|x86
		{8F624F2B-5E9D-4364-91B5-4571B533D5C4}.Release|x86.Deploy.0 = Release|x86
		{6698C65E-D762-4F58-A03E-B430054AC281}.Ad-Hoc|Any CPU.ActiveCfg = Debug|Any CPU
		{6698C65E-D762-4F58-A03E-B430054AC281}.Ad-Hoc|Any CPU.Build.0 = Debug|Any CPU
		{6698C65E-D762-4F58-A03E-B430054AC281}.Ad-Hoc|ARM.ActiveCfg = Debug|Any CPU
		{6698C65E-D762-4F58-A03E-B430054AC281}.Ad-Hoc|ARM.Build.0 = Debug|Any CPU
		{6698C65E-D762-4F58-A03E-B430054AC281}.Ad-Hoc|iPhone.ActiveCfg = Debug|Any CPU
		{6698C65E-D762-4F58-A03E-B430054AC281}.Ad-Hoc|iPhone.Build.0 = Debug|Any CPU
		{6698C65E-D762-4F58-A03E-B430054AC281}.Ad-Hoc|iPhoneSimulator.ActiveCfg = Debug|Any CPU
		{6698C65E-D762-4F58-A03E-B430054AC281}.Ad-Hoc|iPhoneSimulator.Build.0 = Debug|Any CPU
		{6698C65E-D762-4F58-A03E-B430054AC281}.Ad-Hoc|x64.ActiveCfg = Debug|Any CPU
		{6698C65E-D762-4F58-A03E-B430054AC281}.Ad-Hoc|x64.Build.0 = Debug|Any CPU
		{6698C65E-D762-4F58-A03E-B430054AC281}.Ad-Hoc|x86.ActiveCfg = Debug|Any CPU
		{6698C65E-D762-4F58-A03E-B430054AC281}.Ad-Hoc|x86.Build.0 = Debug|Any CPU
		{6698C65E-D762-4F58-A03E-B430054AC281}.AppStore|Any CPU.ActiveCfg = Debug|Any CPU
		{6698C65E-D762-4F58-A03E-B430054AC281}.AppStore|Any CPU.Build.0 = Debug|Any CPU
		{6698C65E-D762-4F58-A03E-B430054AC281}.AppStore|ARM.ActiveCfg = Debug|Any CPU
		{6698C65E-D762-4F58-A03E-B430054AC281}.AppStore|ARM.Build.0 = Debug|Any CPU
		{6698C65E-D762-4F58-A03E-B430054AC281}.AppStore|iPhone.ActiveCfg = Debug|Any CPU
		{6698C65E-D762-4F58-A03E-B430054AC281}.AppStore|iPhone.Build.0 = Debug|Any CPU
		{6698C65E-D762-4F58-A03E-B430054AC281}.AppStore|iPhoneSimulator.ActiveCfg = Debug|Any CPU
		{6698C65E-D762-4F58-A03E-B430054AC281}.AppStore|iPhoneSimulator.Build.0 = Debug|Any CPU
		{6698C65E-D762-4F58-A03E-B430054AC281}.AppStore|x64.ActiveCfg = Debug|Any CPU
		{6698C65E-D762-4F58-A03E-B430054AC281}.AppStore|x64.Build.0 = Debug|Any CPU
		{6698C65E-D762-4F58-A03E-B430054AC281}.AppStore|x86.ActiveCfg = Debug|Any CPU
		{6698C65E-D762-4F58-A03E-B430054AC281}.AppStore|x86.Build.0 = Debug|Any CPU
		{6698C65E-D762-4F58-A03E-B430054AC281}.Debug|Any CPU.ActiveCfg = Debug|Any CPU
		{6698C65E-D762-4F58-A03E-B430054AC281}.Debug|Any CPU.Build.0 = Debug|Any CPU
		{6698C65E-D762-4F58-A03E-B430054AC281}.Debug|ARM.ActiveCfg = Debug|Any CPU
		{6698C65E-D762-4F58-A03E-B430054AC281}.Debug|ARM.Build.0 = Debug|Any CPU
		{6698C65E-D762-4F58-A03E-B430054AC281}.Debug|iPhone.ActiveCfg = Debug|Any CPU
		{6698C65E-D762-4F58-A03E-B430054AC281}.Debug|iPhone.Build.0 = Debug|Any CPU
		{6698C65E-D762-4F58-A03E-B430054AC281}.Debug|iPhoneSimulator.ActiveCfg = Debug|Any CPU
		{6698C65E-D762-4F58-A03E-B430054AC281}.Debug|iPhoneSimulator.Build.0 = Debug|Any CPU
		{6698C65E-D762-4F58-A03E-B430054AC281}.Debug|x64.ActiveCfg = Debug|Any CPU
		{6698C65E-D762-4F58-A03E-B430054AC281}.Debug|x64.Build.0 = Debug|Any CPU
		{6698C65E-D762-4F58-A03E-B430054AC281}.Debug|x86.ActiveCfg = Debug|Any CPU
		{6698C65E-D762-4F58-A03E-B430054AC281}.Debug|x86.Build.0 = Debug|Any CPU
		{6698C65E-D762-4F58-A03E-B430054AC281}.Release|Any CPU.ActiveCfg = Release|Any CPU
		{6698C65E-D762-4F58-A03E-B430054AC281}.Release|Any CPU.Build.0 = Release|Any CPU
		{6698C65E-D762-4F58-A03E-B430054AC281}.Release|ARM.ActiveCfg = Release|Any CPU
		{6698C65E-D762-4F58-A03E-B430054AC281}.Release|ARM.Build.0 = Release|Any CPU
		{6698C65E-D762-4F58-A03E-B430054AC281}.Release|iPhone.ActiveCfg = Release|Any CPU
		{6698C65E-D762-4F58-A03E-B430054AC281}.Release|iPhone.Build.0 = Release|Any CPU
		{6698C65E-D762-4F58-A03E-B430054AC281}.Release|iPhoneSimulator.ActiveCfg = Release|Any CPU
		{6698C65E-D762-4F58-A03E-B430054AC281}.Release|iPhoneSimulator.Build.0 = Release|Any CPU
		{6698C65E-D762-4F58-A03E-B430054AC281}.Release|x64.ActiveCfg = Release|Any CPU
		{6698C65E-D762-4F58-A03E-B430054AC281}.Release|x64.Build.0 = Release|Any CPU
		{6698C65E-D762-4F58-A03E-B430054AC281}.Release|x86.ActiveCfg = Release|Any CPU
		{6698C65E-D762-4F58-A03E-B430054AC281}.Release|x86.Build.0 = Release|Any CPU
	EndGlobalSection
	GlobalSection(SolutionProperties) = preSolution
		HideSolutionNode = FALSE
	EndGlobalSection
	GlobalSection(NestedProjects) = preSolution
		{C4F7A4E4-FE6E-4CE1-A94E-D908311F9BF5} = {FE6677FE-359C-4333-A15D-C66678FA7E04}
		{7410660F-A383-430C-AF4B-F86EFE7A0B87} = {F8C5F8C3-9F37-40C0-ADCF-8E1377CDF0AF}
		{03061924-2DFF-4057-8D75-0D93D2C20F5E} = {F8C5F8C3-9F37-40C0-ADCF-8E1377CDF0AF}
		{197B6F04-4009-4323-8456-3C6B5126387F} = {F8C5F8C3-9F37-40C0-ADCF-8E1377CDF0AF}
		{8F624F2B-5E9D-4364-91B5-4571B533D5C4} = {F8C5F8C3-9F37-40C0-ADCF-8E1377CDF0AF}
		{6698C65E-D762-4F58-A03E-B430054AC281} = {A30B288A-6C38-482B-90F9-22ACD997B9A7}
	EndGlobalSection
EndGlobal
